
Microsoft Visual Studio Solution File, Format Version 12.00
# Visual Studio Version 17
VisualStudioVersion = 17.6.33829.357
MinimumVisualStudioVersion = 10.0.40219.1
Project("{FAE04EC0-301F-11D3-BF4B-00C04F79EFBC}") = "SharpBlackOut", "SharpBlackOut\SharpBlackOut.csproj", "{07DFC5AA-5B1F-4CCC-A3D3-816ECCBB6CB6}"
EndProject
Global
	GlobalSection(SolutionConfigurationPlatforms) = preSolution
		Debug|Any CPU = Debug|Any CPU
		Release|Any CPU = Release|Any CPU
	EndGlobalSection
	GlobalSection(ProjectConfigurationPlatforms) = postSolution
		{07DFC5AA-5B1F-4CCC-A3D3-816ECCBB6CB6}.Debug|Any CPU.ActiveCfg = Debug|Any CPU
		{07DFC5AA-5B1F-4CCC-A3D3-816ECCBB6CB6}.Debug|Any CPU.Build.0 = Debug|Any CPU
		{07DFC5AA-5B1F-4CCC-A3D3-816ECCBB6CB6}.Release|Any CPU.ActiveCfg = Release|Any CPU
		{07DFC5AA-5B1F-4CCC-A3D3-816ECCBB6CB6}.Release|Any CPU.Build.0 = Release|Any CPU
	EndGlobalSection
	GlobalSection(SolutionProperties) = preSolution
		HideSolutionNode = FALSE
	EndGlobalSection
	GlobalSection(ExtensibilityGlobals) = postSolution
		SolutionGuid = {F1CA1828-8368-4CDE-B59A-DACA872C3F5E}
	EndGlobalSection
EndGlobal
